
Microsoft Visual Studio Solution File, Format Version 12.00
# Visual Studio Version 16
VisualStudioVersion = 16.0.31321.278
MinimumVisualStudioVersion = 10.0.40219.1
Project("{FAE04EC0-301F-11D3-BF4B-00C04F79EFBC}") = "Vistas", "Vistas\Vistas.csproj", "{075671AC-358B-43F1-ACEC-A4C734ABA08C}"
EndProject
Global
	GlobalSection(SolutionConfigurationPlatforms) = preSolution
		Debug|Any CPU = Debug|Any CPU
		Release|Any CPU = Release|Any CPU
	EndGlobalSection
	GlobalSection(ProjectConfigurationPlatforms) = postSolution
		{075671AC-358B-43F1-ACEC-A4C734ABA08C}.Debug|Any CPU.ActiveCfg = Debug|Any CPU
		{075671AC-358B-43F1-ACEC-A4C734ABA08C}.Debug|Any CPU.Build.0 = Debug|Any CPU
		{075671AC-358B-43F1-ACEC-A4C734ABA08C}.Release|Any CPU.ActiveCfg = Release|Any CPU
		{075671AC-358B-43F1-ACEC-A4C734ABA08C}.Release|Any CPU.Build.0 = Release|Any CPU
	EndGlobalSection
	GlobalSection(SolutionProperties) = preSolution
		HideSolutionNode = FALSE
	EndGlobalSection
	GlobalSection(ExtensibilityGlobals) = postSolution
		SolutionGuid = {958B0F26-F837-4124-A0C6-B3DB608D382E}
	EndGlobalSection
EndGlobal
